
Microsoft Visual Studio Solution File, Format Version 12.00
# Visual Studio Version 17
VisualStudioVersion = 17.9.34714.143
MinimumVisualStudioVersion = 10.0.40219.1
Project("{888888A0-9F3D-457C-B088-3A5042F75D52}") = "shudu_solver2.0", "shudu_solver2.0.pyproj", "{008886B8-A7F3-4BC4-B5F6-BE261949C98C}"
EndProject
Global
	GlobalSection(SolutionConfigurationPlatforms) = preSolution
		Debug|Any CPU = Debug|Any CPU
		Release|Any CPU = Release|Any CPU
	EndGlobalSection
	GlobalSection(ProjectConfigurationPlatforms) = postSolution
		{008886B8-A7F3-4BC4-B5F6-BE261949C98C}.Debug|Any CPU.ActiveCfg = Debug|Any CPU
		{008886B8-A7F3-4BC4-B5F6-BE261949C98C}.Release|Any CPU.ActiveCfg = Release|Any CPU
	EndGlobalSection
	GlobalSection(SolutionProperties) = preSolution
		HideSolutionNode = FALSE
	EndGlobalSection
	GlobalSection(ExtensibilityGlobals) = postSolution
		SolutionGuid = {09D4F5FB-BCBA-4856-90ED-123FA72A2332}
	EndGlobalSection
EndGlobal
